
Microsoft Visual Studio Solution File, Format Version 12.00
# Visual Studio Version 17
VisualStudioVersion = 17.14.37301.10 d17.14
MinimumVisualStudioVersion = 10.0.40219.1
Project("{FAE04EC0-301F-11D3-BF4B-00C04F79EFBC}") = "Task2_SHA3", "Task2_SHA3\Task2_SHA3.csproj", "{FC3EDF43-8F25-4E28-9107-E25A79D2E95C}"
EndProject
Global
	GlobalSection(SolutionConfigurationPlatforms) = preSolution
		Debug|Any CPU = Debug|Any CPU
		Release|Any CPU = Release|Any CPU
	EndGlobalSection
	GlobalSection(ProjectConfigurationPlatforms) = postSolution
		{FC3EDF43-8F25-4E28-9107-E25A79D2E95C}.Debug|Any CPU.ActiveCfg = Debug|Any CPU
		{FC3EDF43-8F25-4E28-9107-E25A79D2E95C}.Debug|Any CPU.Build.0 = Debug|Any CPU
		{FC3EDF43-8F25-4E28-9107-E25A79D2E95C}.Release|Any CPU.ActiveCfg = Release|Any CPU
		{FC3EDF43-8F25-4E28-9107-E25A79D2E95C}.Release|Any CPU.Build.0 = Release|Any CPU
	EndGlobalSection
	GlobalSection(SolutionProperties) = preSolution
		HideSolutionNode = FALSE
	EndGlobalSection
	GlobalSection(ExtensibilityGlobals) = postSolution
		SolutionGuid = {BDD6AD25-D704-4B49-A93D-CAC46673F4A6}
	EndGlobalSection
EndGlobal
